
Microsoft Visual Studio Solution File, Format Version 12.00
# Visual Studio Version 16
VisualStudioVersion = 16.0.30204.135
MinimumVisualStudioVersion = 10.0.40219.1
Project("{8BC9CEB8-8B4A-11D0-8D11-00A0C91BC942}") = "Lab 9.1.2", "Lab 9.1.2\Lab 9.1.2.vcxproj", "{FFD7729B-5110-40A4-B75A-134CC03A71EC}"
EndProject
Global
	GlobalSection(SolutionConfigurationPlatforms) = preSolution
		Debug|x64 = Debug|x64
		Debug|x86 = Debug|x86
		Release|x64 = Release|x64
		Release|x86 = Release|x86
	EndGlobalSection
	GlobalSection(ProjectConfigurationPlatforms) = postSolution
		{FFD7729B-5110-40A4-B75A-134CC03A71EC}.Debug|x64.ActiveCfg = Debug|x64
		{FFD7729B-5110-40A4-B75A-134CC03A71EC}.Debug|x64.Build.0 = Debug|x64
		{FFD7729B-5110-40A4-B75A-134CC03A71EC}.Debug|x86.ActiveCfg = Debug|Win32
		{FFD7729B-5110-40A4-B75A-134CC03A71EC}.Debug|x86.Build.0 = Debug|Win32
		{FFD7729B-5110-40A4-B75A-134CC03A71EC}.Release|x64.ActiveCfg = Release|x64
		{FFD7729B-5110-40A4-B75A-134CC03A71EC}.Release|x64.Build.0 = Release|x64
		{FFD7729B-5110-40A4-B75A-134CC03A71EC}.Release|x86.ActiveCfg = Release|Win32
		{FFD7729B-5110-40A4-B75A-134CC03A71EC}.Release|x86.Build.0 = Release|Win32
	EndGlobalSection
	GlobalSection(SolutionProperties) = preSolution
		HideSolutionNode = FALSE
	EndGlobalSection
	GlobalSection(ExtensibilityGlobals) = postSolution
		SolutionGuid = {10F0F824-B262-4682-B7F6-527E7A785A15}
	EndGlobalSection
EndGlobal
